// !$*UTF8*$!
{
	archiveVersion = 1;
	classes = {
	};
	objectVersion = 77;
	objects = {

/* Begin PBXBuildFile section */
		0ACA82E02DB1F1AF00F79B3A /* HippoAnalytics.framework in Frameworks */ = {isa = PBXBuildFile; fileRef = 0ACA82DA2DB1F1AF00F79B3A /* HippoAnalytics.framework */; };
		0ACA82E12DB1F1AF00F79B3A /* HippoAnalytics.framework in Embed Frameworks */ = {isa = PBXBuildFile; fileRef = 0ACA82DA2DB1F1AF00F79B3A /* HippoAnalytics.framework */; settings = {ATTRIBUTES = (CodeSignOnCopy, RemoveHeadersOnCopy, ); }; };
		0ACA82F52DB1F42500F79B3A /* HippoPayments.framework in Frameworks */ = {isa = PBXBuildFile; fileRef = 0ACA82EF2DB1F42500F79B3A /* HippoPayments.framework */; };
		0ACA82F62DB1F42500F79B3A /* HippoPayments.framework in Embed Frameworks */ = {isa = PBXBuildFile; fileRef = 0ACA82EF2DB1F42500F79B3A /* HippoPayments.framework */; settings = {ATTRIBUTES = (CodeSignOnCopy, RemoveHeadersOnCopy, ); }; };
/* End PBXBuildFile section */

/* Begin PBXContainerItemProxy section */
		0ACA82DE2DB1F1AF00F79B3A /* PBXContainerItemProxy */ = {
			isa = PBXContainerItemProxy;
			containerPortal = 0AD2AC922DADFB50004D5089 /* Project object */;
			proxyType = 1;
			remoteGlobalIDString = 0ACA82D92DB1F1AF00F79B3A;
			remoteInfo = HippoAnalytics;
		};
		0ACA82F32DB1F42500F79B3A /* PBXContainerItemProxy */ = {
			isa = PBXContainerItemProxy;
			containerPortal = 0AD2AC922DADFB50004D5089 /* Project object */;
			proxyType = 1;
			remoteGlobalIDString = 0ACA82EE2DB1F42500F79B3A;
			remoteInfo = HippoPayments;
		};
		0AD2ACAB2DADFB52004D5089 /* PBXContainerItemProxy */ = {
			isa = PBXContainerItemProxy;
			containerPortal = 0AD2AC922DADFB50004D5089 /* Project object */;
			proxyType = 1;
			remoteGlobalIDString = 0AD2AC992DADFB50004D5089;
			remoteInfo = Albertos;
		};
/* End PBXContainerItemProxy section */

/* Begin PBXCopyFilesBuildPhase section */
		0A140F232DB1EA4E004017D8 /* Embed Frameworks */ = {
			isa = PBXCopyFilesBuildPhase;
			buildActionMask = 2147483647;
			dstPath = "";
			dstSubfolderSpec = 10;
			files = (
				0ACA82F62DB1F42500F79B3A /* HippoPayments.framework in Embed Frameworks */,
				0ACA82E12DB1F1AF00F79B3A /* HippoAnalytics.framework in Embed Frameworks */,
			);
			name = "Embed Frameworks";
			runOnlyForDeploymentPostprocessing = 0;
		};
/* End PBXCopyFilesBuildPhase section */

/* Begin PBXFileReference section */
		0ACA82DA2DB1F1AF00F79B3A /* HippoAnalytics.framework */ = {isa = PBXFileReference; explicitFileType = wrapper.framework; includeInIndex = 0; path = HippoAnalytics.framework; sourceTree = BUILT_PRODUCTS_DIR; };
		0ACA82EF2DB1F42500F79B3A /* HippoPayments.framework */ = {isa = PBXFileReference; explicitFileType = wrapper.framework; includeInIndex = 0; path = HippoPayments.framework; sourceTree = BUILT_PRODUCTS_DIR; };
		0AD2AC9A2DADFB50004D5089 /* Albertos.app */ = {isa = PBXFileReference; explicitFileType = wrapper.application; includeInIndex = 0; path = Albertos.app; sourceTree = BUILT_PRODUCTS_DIR; };
		0AD2ACAA2DADFB52004D5089 /* AlbertosTests.xctest */ = {isa = PBXFileReference; explicitFileType = wrapper.cfbundle; includeInIndex = 0; path = AlbertosTests.xctest; sourceTree = BUILT_PRODUCTS_DIR; };
/* End PBXFileReference section */

/* Begin PBXFileSystemSynchronizedBuildFileExceptionSet section */
		0ACA82E22DB1F1AF00F79B3A /* Exceptions for "HippoAnalytics" folder in "HippoAnalytics" target */ = {
			isa = PBXFileSystemSynchronizedBuildFileExceptionSet;
			publicHeaders = (
				HippoAnalytics.h,
			);
			target = 0ACA82D92DB1F1AF00F79B3A /* HippoAnalytics */;
		};
		0ACA82F72DB1F42500F79B3A /* Exceptions for "HippoPayments" folder in "HippoPayments" target */ = {
			isa = PBXFileSystemSynchronizedBuildFileExceptionSet;
			publicHeaders = (
				HippoPayments.h,
			);
			target = 0ACA82EE2DB1F42500F79B3A /* HippoPayments */;
		};
/* End PBXFileSystemSynchronizedBuildFileExceptionSet section */

/* Begin PBXFileSystemSynchronizedRootGroup section */
		0ACA82DB2DB1F1AF00F79B3A /* HippoAnalytics */ = {
			isa = PBXFileSystemSynchronizedRootGroup;
			exceptions = (
				0ACA82E22DB1F1AF00F79B3A /* Exceptions for "HippoAnalytics" folder in "HippoAnalytics" target */,
			);
			path = HippoAnalytics;
			sourceTree = "<group>";
		};
		0ACA82F02DB1F42500F79B3A /* HippoPayments */ = {
			isa = PBXFileSystemSynchronizedRootGroup;
			exceptions = (
				0ACA82F72DB1F42500F79B3A /* Exceptions for "HippoPayments" folder in "HippoPayments" target */,
			);
			path = HippoPayments;
			sourceTree = "<group>";
		};
		0AD2AC9C2DADFB50004D5089 /* Albertos */ = {
			isa = PBXFileSystemSynchronizedRootGroup;
			path = Albertos;
			sourceTree = "<group>";
		};
		0AD2ACAD2DADFB52004D5089 /* AlbertosTests */ = {
			isa = PBXFileSystemSynchronizedRootGroup;
			path = AlbertosTests;
			sourceTree = "<group>";
		};
/* End PBXFileSystemSynchronizedRootGroup section */

/* Begin PBXFrameworksBuildPhase section */
		0ACA82D72DB1F1AF00F79B3A /* Frameworks */ = {
			isa = PBXFrameworksBuildPhase;
			buildActionMask = 2147483647;
			files = (
			);
			runOnlyForDeploymentPostprocessing = 0;
		};
		0ACA82EC2DB1F42500F79B3A /* Frameworks */ = {
			isa = PBXFrameworksBuildPhase;
			buildActionMask = 2147483647;
			files = (
			);
			runOnlyForDeploymentPostprocessing = 0;
		};
		0AD2AC972DADFB50004D5089 /* Frameworks */ = {
			isa = PBXFrameworksBuildPhase;
			buildActionMask = 2147483647;
			files = (
				0ACA82F52DB1F42500F79B3A /* HippoPayments.framework in Frameworks */,
				0ACA82E02DB1F1AF00F79B3A /* HippoAnalytics.framework in Frameworks */,
			);
			runOnlyForDeploymentPostprocessing = 0;
		};
		0AD2ACA72DADFB52004D5089 /* Frameworks */ = {
			isa = PBXFrameworksBuildPhase;
			buildActionMask = 2147483647;
			files = (
			);
			runOnlyForDeploymentPostprocessing = 0;
		};
/* End PBXFrameworksBuildPhase section */

/* Begin PBXGroup section */
		0AD2AC912DADFB50004D5089 = {
			isa = PBXGroup;
			children = (
				0AD2AC9C2DADFB50004D5089 /* Albertos */,
				0AD2ACAD2DADFB52004D5089 /* AlbertosTests */,
				0ACA82DB2DB1F1AF00F79B3A /* HippoAnalytics */,
				0ACA82F02DB1F42500F79B3A /* HippoPayments */,
				0AD2AC9B2DADFB50004D5089 /* Products */,
			);
			sourceTree = "<group>";
		};
		0AD2AC9B2DADFB50004D5089 /* Products */ = {
			isa = PBXGroup;
			children = (
				0AD2AC9A2DADFB50004D5089 /* Albertos.app */,
				0AD2ACAA2DADFB52004D5089 /* AlbertosTests.xctest */,
				0ACA82DA2DB1F1AF00F79B3A /* HippoAnalytics.framework */,
				0ACA82EF2DB1F42500F79B3A /* HippoPayments.framework */,
			);
			name = Products;
			sourceTree = "<group>";
		};
/* End PBXGroup section */

/* Begin PBXHeadersBuildPhase section */
		0ACA82D52DB1F1AF00F79B3A /* Headers */ = {
			isa = PBXHeadersBuildPhase;
			buildActionMask = 2147483647;
			files = (
			);
			runOnlyForDeploymentPostprocessing = 0;
		};
		0ACA82EA2DB1F42500F79B3A /* Headers */ = {
			isa = PBXHeadersBuildPhase;
			buildActionMask = 2147483647;
			files = (
			);
			runOnlyForDeploymentPostprocessing = 0;
		};
/* End PBXHeadersBuildPhase section */

/* Begin PBXNativeTarget section */
		0ACA82D92DB1F1AF00F79B3A /* HippoAnalytics */ = {
			isa = PBXNativeTarget;
			buildConfigurationList = 0ACA82E32DB1F1AF00F79B3A /* Build configuration list for PBXNativeTarget "HippoAnalytics" */;
			buildPhases = (
				0ACA82D52DB1F1AF00F79B3A /* Headers */,
				0ACA82D62DB1F1AF00F79B3A /* Sources */,
				0ACA82D72DB1F1AF00F79B3A /* Frameworks */,
				0ACA82D82DB1F1AF00F79B3A /* Resources */,
			);
			buildRules = (
			);
			dependencies = (
			);
			fileSystemSynchronizedGroups = (
				0ACA82DB2DB1F1AF00F79B3A /* HippoAnalytics */,
			);
			name = HippoAnalytics;
			packageProductDependencies = (
			);
			productName = HippoAnalytics;
			productReference = 0ACA82DA2DB1F1AF00F79B3A /* HippoAnalytics.framework */;
			productType = "com.apple.product-type.framework";
		};
		0ACA82EE2DB1F42500F79B3A /* HippoPayments */ = {
			isa = PBXNativeTarget;
			buildConfigurationList = 0ACA82F82DB1F42500F79B3A /* Build configuration list for PBXNativeTarget "HippoPayments" */;
			buildPhases = (
				0ACA82EA2DB1F42500F79B3A /* Headers */,
				0ACA82EB2DB1F42500F79B3A /* Sources */,
				0ACA82EC2DB1F42500F79B3A /* Frameworks */,
				0ACA82ED2DB1F42500F79B3A /* Resources */,
			);
			buildRules = (
			);
			dependencies = (
			);
			fileSystemSynchronizedGroups = (
				0ACA82F02DB1F42500F79B3A /* HippoPayments */,
			);
			name = HippoPayments;
			packageProductDependencies = (
			);
			productName = HippoPayments;
			productReference = 0ACA82EF2DB1F42500F79B3A /* HippoPayments.framework */;
			productType = "com.apple.product-type.framework";
		};
		0AD2AC992DADFB50004D5089 /* Albertos */ = {
			isa = PBXNativeTarget;
			buildConfigurationList = 0AD2ACBE2DADFB52004D5089 /* Build configuration list for PBXNativeTarget "Albertos" */;
			buildPhases = (
				0AD2AC962DADFB50004D5089 /* Sources */,
				0AD2AC972DADFB50004D5089 /* Frameworks */,
				0AD2AC982DADFB50004D5089 /* Resources */,
				0A140F232DB1EA4E004017D8 /* Embed Frameworks */,
			);
			buildRules = (
			);
			dependencies = (
				0ACA82DF2DB1F1AF00F79B3A /* PBXTargetDependency */,
				0ACA82F42DB1F42500F79B3A /* PBXTargetDependency */,
			);
			fileSystemSynchronizedGroups = (
				0AD2AC9C2DADFB50004D5089 /* Albertos */,
			);
			name = Albertos;
			packageProductDependencies = (
			);
			productName = Albertos;
			productReference = 0AD2AC9A2DADFB50004D5089 /* Albertos.app */;
			productType = "com.apple.product-type.application";
		};
		0AD2ACA92DADFB52004D5089 /* AlbertosTests */ = {
			isa = PBXNativeTarget;
			buildConfigurationList = 0AD2ACC12DADFB52004D5089 /* Build configuration list for PBXNativeTarget "AlbertosTests" */;
			buildPhases = (
				0AD2ACA62DADFB52004D5089 /* Sources */,
				0AD2ACA72DADFB52004D5089 /* Frameworks */,
				0AD2ACA82DADFB52004D5089 /* Resources */,
			);
			buildRules = (
			);
			dependencies = (
				0AD2ACAC2DADFB52004D5089 /* PBXTargetDependency */,
			);
			fileSystemSynchronizedGroups = (
				0AD2ACAD2DADFB52004D5089 /* AlbertosTests */,
			);
			name = AlbertosTests;
			packageProductDependencies = (
			);
			productName = AlbertosTests;
			productReference = 0AD2ACAA2DADFB52004D5089 /* AlbertosTests.xctest */;
			productType = "com.apple.product-type.bundle.unit-test";
		};
/* End PBXNativeTarget section */

/* Begin PBXProject section */
		0AD2AC922DADFB50004D5089 /* Project object */ = {
			isa = PBXProject;
			attributes = {
				BuildIndependentTargetsInParallel = 1;
				LastSwiftUpdateCheck = 1620;
				LastUpgradeCheck = 1620;
				TargetAttributes = {
					0ACA82D92DB1F1AF00F79B3A = {
						CreatedOnToolsVersion = 16.2;
						LastSwiftMigration = 1620;
					};
					0ACA82EE2DB1F42500F79B3A = {
						CreatedOnToolsVersion = 16.2;
						LastSwiftMigration = 1620;
					};
					0AD2AC992DADFB50004D5089 = {
						CreatedOnToolsVersion = 16.2;
					};
					0AD2ACA92DADFB52004D5089 = {
						CreatedOnToolsVersion = 16.2;
						TestTargetID = 0AD2AC992DADFB50004D5089;
					};
				};
			};
			buildConfigurationList = 0AD2AC952DADFB50004D5089 /* Build configuration list for PBXProject "Albertos" */;
			developmentRegion = en;
			hasScannedForEncodings = 0;
			knownRegions = (
				en,
				Base,
			);
			mainGroup = 0AD2AC912DADFB50004D5089;
			minimizedProjectReferenceProxies = 1;
			preferredProjectObjectVersion = 77;
			productRefGroup = 0AD2AC9B2DADFB50004D5089 /* Products */;
			projectDirPath = "";
			projectRoot = "";
			targets = (
				0AD2AC992DADFB50004D5089 /* Albertos */,
				0AD2ACA92DADFB52004D5089 /* AlbertosTests */,
				0ACA82D92DB1F1AF00F79B3A /* HippoAnalytics */,
				0ACA82EE2DB1F42500F79B3A /* HippoPayments */,
			);
		};
/* End PBXProject section */

/* Begin PBXResourcesBuildPhase section */
		0ACA82D82DB1F1AF00F79B3A /* Resources */ = {
			isa = PBXResourcesBuildPhase;
			buildActionMask = 2147483647;
			files = (
			);
			runOnlyForDeploymentPostprocessing = 0;
		};
		0ACA82ED2DB1F42500F79B3A /* Resources */ = {
			isa = PBXResourcesBuildPhase;
			buildActionMask = 2147483647;
			files = (
			);
			runOnlyForDeploymentPostprocessing = 0;
		};
		0AD2AC982DADFB50004D5089 /* Resources */ = {
			isa = PBXResourcesBuildPhase;
			buildActionMask = 2147483647;
			files = (
			);
			runOnlyForDeploymentPostprocessing = 0;
		};
		0AD2ACA82DADFB52004D5089 /* Resources */ = {
			isa = PBXResourcesBuildPhase;
			buildActionMask = 2147483647;
			files = (
			);
			runOnlyForDeploymentPostprocessing = 0;
		};
/* End PBXResourcesBuildPhase section */

/* Begin PBXSourcesBuildPhase section */
		0ACA82D62DB1F1AF00F79B3A /* Sources */ = {
			isa = PBXSourcesBuildPhase;
			buildActionMask = 2147483647;
			files = (
			);
			runOnlyForDeploymentPostprocessing = 0;
		};
		0ACA82EB2DB1F42500F79B3A /* Sources */ = {
			isa = PBXSourcesBuildPhase;
			buildActionMask = 2147483647;
			files = (
			);
			runOnlyForDeploymentPostprocessing = 0;
		};
		0AD2AC962DADFB50004D5089 /* Sources */ = {
			isa = PBXSourcesBuildPhase;
			buildActionMask = 2147483647;
			files = (
			);
			runOnlyForDeploymentPostprocessing = 0;
		};
		0AD2ACA62DADFB52004D5089 /* Sources */ = {
			isa = PBXSourcesBuildPhase;
			buildActionMask = 2147483647;
			files = (
			);
			runOnlyForDeploymentPostprocessing = 0;
		};
/* End PBXSourcesBuildPhase section */

/* Begin PBXTargetDependency section */
		0ACA82DF2DB1F1AF00F79B3A /* PBXTargetDependency */ = {
			isa = PBXTargetDependency;
			target = 0ACA82D92DB1F1AF00F79B3A /* HippoAnalytics */;
			targetProxy = 0ACA82DE2DB1F1AF00F79B3A /* PBXContainerItemProxy */;
		};
		0ACA82F42DB1F42500F79B3A /* PBXTargetDependency */ = {
			isa = PBXTargetDependency;
			target = 0ACA82EE2DB1F42500F79B3A /* HippoPayments */;
			targetProxy = 0ACA82F32DB1F42500F79B3A /* PBXContainerItemProxy */;
		};
		0AD2ACAC2DADFB52004D5089 /* PBXTargetDependency */ = {
			isa = PBXTargetDependency;
			target = 0AD2AC992DADFB50004D5089 /* Albertos */;
			targetProxy = 0AD2ACAB2DADFB52004D5089 /* PBXContainerItemProxy */;
		};
/* End PBXTargetDependency section */

/* Begin XCBuildConfiguration section */
		0ACA82E42DB1F1AF00F79B3A /* Debug */ = {
			isa = XCBuildConfiguration;
			buildSettings = {
				BUILD_LIBRARY_FOR_DISTRIBUTION = YES;
				CLANG_ENABLE_MODULES = YES;
				CODE_SIGN_STYLE = Automatic;
				CURRENT_PROJECT_VERSION = 1;
				DEFINES_MODULE = YES;
				DEVELOPMENT_TEAM = 59FP2PXRXK;
				DYLIB_COMPATIBILITY_VERSION = 1;
				DYLIB_CURRENT_VERSION = 1;
				DYLIB_INSTALL_NAME_BASE = "@rpath";
				ENABLE_MODULE_VERIFIER = YES;
				GENERATE_INFOPLIST_FILE = YES;
				INFOPLIST_KEY_NSHumanReadableCopyright = "";
				INSTALL_PATH = "$(LOCAL_LIBRARY_DIR)/Frameworks";
				LD_RUNPATH_SEARCH_PATHS = (
					"$(inherited)",
					"@executable_path/Frameworks",
					"@loader_path/Frameworks",
				);
				MARKETING_VERSION = 1.0;
				MODULE_VERIFIER_SUPPORTED_LANGUAGES = "objective-c objective-c++";
				MODULE_VERIFIER_SUPPORTED_LANGUAGE_STANDARDS = "gnu17 gnu++20";
				PRODUCT_BUNDLE_IDENTIFIER = kr.co.codegrove.HippoAnalytics;
				PRODUCT_NAME = "$(TARGET_NAME:c99extidentifier)";
				SKIP_INSTALL = YES;
				SWIFT_EMIT_LOC_STRINGS = YES;
				SWIFT_INSTALL_OBJC_HEADER = NO;
				SWIFT_OPTIMIZATION_LEVEL = "-Onone";
				SWIFT_VERSION = 5.0;
				TARGETED_DEVICE_FAMILY = "1,2";
				VERSIONING_SYSTEM = "apple-generic";
				VERSION_INFO_PREFIX = "";
			};
			name = Debug;
		};
		0ACA82E52DB1F1AF00F79B3A /* Release */ = {
			isa = XCBuildConfiguration;
			buildSettings = {
				BUILD_LIBRARY_FOR_DISTRIBUTION = YES;
				CLANG_ENABLE_MODULES = YES;
				CODE_SIGN_STYLE = Automatic;
				CURRENT_PROJECT_VERSION = 1;
				DEFINES_MODULE = YES;
				DEVELOPMENT_TEAM = 59FP2PXRXK;
				DYLIB_COMPATIBILITY_VERSION = 1;
				DYLIB_CURRENT_VERSION = 1;
				DYLIB_INSTALL_NAME_BASE = "@rpath";
				ENABLE_MODULE_VERIFIER = YES;
				GENERATE_INFOPLIST_FILE = YES;
				INFOPLIST_KEY_NSHumanReadableCopyright = "";
				INSTALL_PATH = "$(LOCAL_LIBRARY_DIR)/Frameworks";
				LD_RUNPATH_SEARCH_PATHS = (
					"$(inherited)",
					"@executable_path/Frameworks",
					"@loader_path/Frameworks",
				);
				MARKETING_VERSION = 1.0;
				MODULE_VERIFIER_SUPPORTED_LANGUAGES = "objective-c objective-c++";
				MODULE_VERIFIER_SUPPORTED_LANGUAGE_STANDARDS = "gnu17 gnu++20";
				PRODUCT_BUNDLE_IDENTIFIER = kr.co.codegrove.HippoAnalytics;
				PRODUCT_NAME = "$(TARGET_NAME:c99extidentifier)";
				SKIP_INSTALL = YES;
				SWIFT_EMIT_LOC_STRINGS = YES;
				SWIFT_INSTALL_OBJC_HEADER = NO;
				SWIFT_VERSION = 5.0;
				TARGETED_DEVICE_FAMILY = "1,2";
				VERSIONING_SYSTEM = "apple-generic";
				VERSION_INFO_PREFIX = "";
			};
			name = Release;
		};
		0ACA82F92DB1F42500F79B3A /* Debug */ = {
			isa = XCBuildConfiguration;
			buildSettings = {
				BUILD_LIBRARY_FOR_DISTRIBUTION = YES;
				CLANG_ENABLE_MODULES = YES;
				CODE_SIGN_STYLE = Automatic;
				CURRENT_PROJECT_VERSION = 1;
				DEFINES_MODULE = YES;
				DEVELOPMENT_TEAM = 59FP2PXRXK;
				DYLIB_COMPATIBILITY_VERSION = 1;
				DYLIB_CURRENT_VERSION = 1;
				DYLIB_INSTALL_NAME_BASE = "@rpath";
				ENABLE_MODULE_VERIFIER = YES;
				GENERATE_INFOPLIST_FILE = YES;
				INFOPLIST_KEY_NSHumanReadableCopyright = "";
				INSTALL_PATH = "$(LOCAL_LIBRARY_DIR)/Frameworks";
				LD_RUNPATH_SEARCH_PATHS = (
					"$(inherited)",
					"@executable_path/Frameworks",
					"@loader_path/Frameworks",
				);
				MARKETING_VERSION = 1.0;
				MODULE_VERIFIER_SUPPORTED_LANGUAGES = "objective-c objective-c++";
				MODULE_VERIFIER_SUPPORTED_LANGUAGE_STANDARDS = "gnu17 gnu++20";
				PRODUCT_BUNDLE_IDENTIFIER = kr.co.codegrove.HippoPayments;
				PRODUCT_NAME = "$(TARGET_NAME:c99extidentifier)";
				SKIP_INSTALL = YES;
				SWIFT_EMIT_LOC_STRINGS = YES;
				SWIFT_INSTALL_OBJC_HEADER = NO;
				SWIFT_OPTIMIZATION_LEVEL = "-Onone";
				SWIFT_VERSION = 5.0;
				TARGETED_DEVICE_FAMILY = "1,2";
				VERSIONING_SYSTEM = "apple-generic";
				VERSION_INFO_PREFIX = "";
			};
			name = Debug;
		};
		0ACA82FA2DB1F42500F79B3A /* Release */ = {
			isa = XCBuildConfiguration;
			buildSettings = {
				BUILD_LIBRARY_FOR_DISTRIBUTION = YES;
				CLANG_ENABLE_MODULES = YES;
				CODE_SIGN_STYLE = Automatic;
				CURRENT_PROJECT_VERSION = 1;
				DEFINES_MODULE = YES;
				DEVELOPMENT_TEAM = 59FP2PXRXK;
				DYLIB_COMPATIBILITY_VERSION = 1;
				DYLIB_CURRENT_VERSION = 1;
				DYLIB_INSTALL_NAME_BASE = "@rpath";
				ENABLE_MODULE_VERIFIER = YES;
				GENERATE_INFOPLIST_FILE = YES;
				INFOPLIST_KEY_NSHumanReadableCopyright = "";
				INSTALL_PATH = "$(LOCAL_LIBRARY_DIR)/Frameworks";
				LD_RUNPATH_SEARCH_PATHS = (
					"$(inherited)",
					"@executable_path/Frameworks",
					"@loader_path/Frameworks",
				);
				MARKETING_VERSION = 1.0;
				MODULE_VERIFIER_SUPPORTED_LANGUAGES = "objective-c objective-c++";
				MODULE_VERIFIER_SUPPORTED_LANGUAGE_STANDARDS = "gnu17 gnu++20";
				PRODUCT_BUNDLE_IDENTIFIER = kr.co.codegrove.HippoPayments;
				PRODUCT_NAME = "$(TARGET_NAME:c99extidentifier)";
				SKIP_INSTALL = YES;
				SWIFT_EMIT_LOC_STRINGS = YES;
				SWIFT_INSTALL_OBJC_HEADER = NO;
				SWIFT_VERSION = 5.0;
				TARGETED_DEVICE_FAMILY = "1,2";
				VERSIONING_SYSTEM = "apple-generic";
				VERSION_INFO_PREFIX = "";
			};
			name = Release;
		};
		0AD2ACBC2DADFB52004D5089 /* Debug */ = {
			isa = XCBuildConfiguration;
			buildSettings = {
				ALWAYS_SEARCH_USER_PATHS = NO;
				ASSETCATALOG_COMPILER_GENERATE_SWIFT_ASSET_SYMBOL_EXTENSIONS = YES;
				CLANG_ANALYZER_NONNULL = YES;
				CLANG_ANALYZER_NUMBER_OBJECT_CONVERSION = YES_AGGRESSIVE;
				CLANG_CXX_LANGUAGE_STANDARD = "gnu++20";
				CLANG_ENABLE_MODULES = YES;
				CLANG_ENABLE_OBJC_ARC = YES;
				CLANG_ENABLE_OBJC_WEAK = YES;
				CLANG_WARN_BLOCK_CAPTURE_AUTORELEASING = YES;
				CLANG_WARN_BOOL_CONVERSION = YES;
				CLANG_WARN_COMMA = YES;
				CLANG_WARN_CONSTANT_CONVERSION = YES;
				CLANG_WARN_DEPRECATED_OBJC_IMPLEMENTATIONS = YES;
				CLANG_WARN_DIRECT_OBJC_ISA_USAGE = YES_ERROR;
				CLANG_WARN_DOCUMENTATION_COMMENTS = YES;
				CLANG_WARN_EMPTY_BODY = YES;
				CLANG_WARN_ENUM_CONVERSION = YES;
				CLANG_WARN_INFINITE_RECURSION = YES;
				CLANG_WARN_INT_CONVERSION = YES;
				CLANG_WARN_NON_LITERAL_NULL_CONVERSION = YES;
				CLANG_WARN_OBJC_IMPLICIT_RETAIN_SELF = YES;
				CLANG_WARN_OBJC_LITERAL_CONVERSION = YES;
				CLANG_WARN_OBJC_ROOT_CLASS = YES_ERROR;
				CLANG_WARN_QUOTED_INCLUDE_IN_FRAMEWORK_HEADER = YES;
				CLANG_WARN_RANGE_LOOP_ANALYSIS = YES;
				CLANG_WARN_STRICT_PROTOTYPES = YES;
				CLANG_WARN_SUSPICIOUS_MOVE = YES;
				CLANG_WARN_UNGUARDED_AVAILABILITY = YES_AGGRESSIVE;
				CLANG_WARN_UNREACHABLE_CODE = YES;
				CLANG_WARN__DUPLICATE_METHOD_MATCH = YES;
				COPY_PHASE_STRIP = NO;
				DEBUG_INFORMATION_FORMAT = dwarf;
				ENABLE_STRICT_OBJC_MSGSEND = YES;
				ENABLE_TESTABILITY = YES;
				ENABLE_USER_SCRIPT_SANDBOXING = YES;
				GCC_C_LANGUAGE_STANDARD = gnu17;
				GCC_DYNAMIC_NO_PIC = NO;
				GCC_NO_COMMON_BLOCKS = YES;
				GCC_OPTIMIZATION_LEVEL = 0;
				GCC_PREPROCESSOR_DEFINITIONS = (
					"DEBUG=1",
					"$(inherited)",
				);
				GCC_WARN_64_TO_32_BIT_CONVERSION = YES;
				GCC_WARN_ABOUT_RETURN_TYPE = YES_ERROR;
				GCC_WARN_UNDECLARED_SELECTOR = YES;
				GCC_WARN_UNINITIALIZED_AUTOS = YES_AGGRESSIVE;
				GCC_WARN_UNUSED_FUNCTION = YES;
				GCC_WARN_UNUSED_VARIABLE = YES;
				IPHONEOS_DEPLOYMENT_TARGET = 18.2;
				LOCALIZATION_PREFERS_STRING_CATALOGS = YES;
				MTL_ENABLE_DEBUG_INFO = INCLUDE_SOURCE;
				MTL_FAST_MATH = YES;
				ONLY_ACTIVE_ARCH = YES;
				SDKROOT = iphoneos;
				SWIFT_ACTIVE_COMPILATION_CONDITIONS = "DEBUG $(inherited)";
				SWIFT_OPTIMIZATION_LEVEL = "-Onone";
			};
			name = Debug;
		};
		0AD2ACBD2DADFB52004D5089 /* Release */ = {
			isa = XCBuildConfiguration;
			buildSettings = {
				ALWAYS_SEARCH_USER_PATHS = NO;
				ASSETCATALOG_COMPILER_GENERATE_SWIFT_ASSET_SYMBOL_EXTENSIONS = YES;
				CLANG_ANALYZER_NONNULL = YES;
				CLANG_ANALYZER_NUMBER_OBJECT_CONVERSION = YES_AGGRESSIVE;
				CLANG_CXX_LANGUAGE_STANDARD = "gnu++20";
				CLANG_ENABLE_MODULES = YES;
				CLANG_ENABLE_OBJC_ARC = YES;
				CLANG_ENABLE_OBJC_WEAK = YES;
				CLANG_WARN_BLOCK_CAPTURE_AUTORELEASING = YES;
				CLANG_WARN_BOOL_CONVERSION = YES;
				CLANG_WARN_COMMA = YES;
				CLANG_WARN_CONSTANT_CONVERSION = YES;
				CLANG_WARN_DEPRECATED_OBJC_IMPLEMENTATIONS = YES;
				CLANG_WARN_DIRECT_OBJC_ISA_USAGE = YES_ERROR;
				CLANG_WARN_DOCUMENTATION_COMMENTS = YES;
				CLANG_WARN_EMPTY_BODY = YES;
				CLANG_WARN_ENUM_CONVERSION = YES;
				CLANG_WARN_INFINITE_RECURSION = YES;
				CLANG_WARN_INT_CONVERSION = YES;
				CLANG_WARN_NON_LITERAL_NULL_CONVERSION = YES;
				CLANG_WARN_OBJC_IMPLICIT_RETAIN_SELF = YES;
				CLANG_WARN_OBJC_LITERAL_CONVERSION = YES;
				CLANG_WARN_OBJC_ROOT_CLASS = YES_ERROR;
				CLANG_WARN_QUOTED_INCLUDE_IN_FRAMEWORK_HEADER = YES;
				CLANG_WARN_RANGE_LOOP_ANALYSIS = YES;
				CLANG_WARN_STRICT_PROTOTYPES = YES;
				CLANG_WARN_SUSPICIOUS_MOVE = YES;
				CLANG_WARN_UNGUARDED_AVAILABILITY = YES_AGGRESSIVE;
				CLANG_WARN_UNREACHABLE_CODE = YES;
				CLANG_WARN__DUPLICATE_METHOD_MATCH = YES;
				COPY_PHASE_STRIP = NO;
				DEBUG_INFORMATION_FORMAT = "dwarf-with-dsym";
				ENABLE_NS_ASSERTIONS = NO;
				ENABLE_STRICT_OBJC_MSGSEND = YES;
				ENABLE_USER_SCRIPT_SANDBOXING = YES;
				GCC_C_LANGUAGE_STANDARD = gnu17;
				GCC_NO_COMMON_BLOCKS = YES;
				GCC_WARN_64_TO_32_BIT_CONVERSION = YES;
				GCC_WARN_ABOUT_RETURN_TYPE = YES_ERROR;
				GCC_WARN_UNDECLARED_SELECTOR = YES;
				GCC_WARN_UNINITIALIZED_AUTOS = YES_AGGRESSIVE;
				GCC_WARN_UNUSED_FUNCTION = YES;
				GCC_WARN_UNUSED_VARIABLE = YES;
				IPHONEOS_DEPLOYMENT_TARGET = 18.2;
				LOCALIZATION_PREFERS_STRING_CATALOGS = YES;
				MTL_ENABLE_DEBUG_INFO = NO;
				MTL_FAST_MATH = YES;
				SDKROOT = iphoneos;
				SWIFT_COMPILATION_MODE = wholemodule;
				VALIDATE_PRODUCT = YES;
			};
			name = Release;
		};
		0AD2ACBF2DADFB52004D5089 /* Debug */ = {
			isa = XCBuildConfiguration;
			buildSettings = {
				ASSETCATALOG_COMPILER_APPICON_NAME = AppIcon;
				ASSETCATALOG_COMPILER_GLOBAL_ACCENT_COLOR_NAME = AccentColor;
				CODE_SIGN_STYLE = Automatic;
				CURRENT_PROJECT_VERSION = 1;
				DEVELOPMENT_ASSET_PATHS = "";
				DEVELOPMENT_TEAM = 59FP2PXRXK;
				ENABLE_PREVIEWS = YES;
				GENERATE_INFOPLIST_FILE = YES;
				INFOPLIST_KEY_UIApplicationSceneManifest_Generation = YES;
				INFOPLIST_KEY_UIApplicationSupportsIndirectInputEvents = YES;
				INFOPLIST_KEY_UILaunchScreen_Generation = YES;
				INFOPLIST_KEY_UISupportedInterfaceOrientations_iPad = "UIInterfaceOrientationPortrait UIInterfaceOrientationPortraitUpsideDown UIInterfaceOrientationLandscapeLeft UIInterfaceOrientationLandscapeRight";
				INFOPLIST_KEY_UISupportedInterfaceOrientations_iPhone = "UIInterfaceOrientationPortrait UIInterfaceOrientationLandscapeLeft UIInterfaceOrientationLandscapeRight";
				LD_RUNPATH_SEARCH_PATHS = (
					"$(inherited)",
					"@executable_path/Frameworks",
				);
				MARKETING_VERSION = 1.0;
				PRODUCT_BUNDLE_IDENTIFIER = kr.co.codegrove.Albertos;
				PRODUCT_NAME = "$(TARGET_NAME)";
				SWIFT_EMIT_LOC_STRINGS = YES;
				SWIFT_VERSION = 5.0;
				TARGETED_DEVICE_FAMILY = "1,2";
			};
			name = Debug;
		};
		0AD2ACC02DADFB52004D5089 /* Release */ = {
			isa = XCBuildConfiguration;
			buildSettings = {
				ASSETCATALOG_COMPILER_APPICON_NAME = AppIcon;
				ASSETCATALOG_COMPILER_GLOBAL_ACCENT_COLOR_NAME = AccentColor;
				CODE_SIGN_STYLE = Automatic;
				CURRENT_PROJECT_VERSION = 1;
				DEVELOPMENT_ASSET_PATHS = "";
				DEVELOPMENT_TEAM = 59FP2PXRXK;
				ENABLE_PREVIEWS = YES;
				GENERATE_INFOPLIST_FILE = YES;
				INFOPLIST_KEY_UIApplicationSceneManifest_Generation = YES;
				INFOPLIST_KEY_UIApplicationSupportsIndirectInputEvents = YES;
				INFOPLIST_KEY_UILaunchScreen_Generation = YES;
				INFOPLIST_KEY_UISupportedInterfaceOrientations_iPad = "UIInterfaceOrientationPortrait UIInterfaceOrientationPortraitUpsideDown UIInterfaceOrientationLandscapeLeft UIInterfaceOrientationLandscapeRight";
				INFOPLIST_KEY_UISupportedInterfaceOrientations_iPhone = "UIInterfaceOrientationPortrait UIInterfaceOrientationLandscapeLeft UIInterfaceOrientationLandscapeRight";
				LD_RUNPATH_SEARCH_PATHS = (
					"$(inherited)",
					"@executable_path/Frameworks",
				);
				MARKETING_VERSION = 1.0;
				PRODUCT_BUNDLE_IDENTIFIER = kr.co.codegrove.Albertos;
				PRODUCT_NAME = "$(TARGET_NAME)";
				SWIFT_EMIT_LOC_STRINGS = YES;
				SWIFT_VERSION = 5.0;
				TARGETED_DEVICE_FAMILY = "1,2";
			};
			name = Release;
		};
		0AD2ACC22DADFB52004D5089 /* Debug */ = {
			isa = XCBuildConfiguration;
			buildSettings = {
				BUNDLE_LOADER = "$(TEST_HOST)";
				CODE_SIGN_STYLE = Automatic;
				CURRENT_PROJECT_VERSION = 1;
				DEVELOPMENT_TEAM = 59FP2PXRXK;
				GENERATE_INFOPLIST_FILE = YES;
				IPHONEOS_DEPLOYMENT_TARGET = 18.2;
				MARKETING_VERSION = 1.0;
				PRODUCT_BUNDLE_IDENTIFIER = kr.co.codegrove.AlbertosTests;
				PRODUCT_NAME = "$(TARGET_NAME)";
				SWIFT_EMIT_LOC_STRINGS = NO;
				SWIFT_VERSION = 5.0;
				TARGETED_DEVICE_FAMILY = "1,2";
				TEST_HOST = "$(BUILT_PRODUCTS_DIR)/Albertos.app/$(BUNDLE_EXECUTABLE_FOLDER_PATH)/Albertos";
			};
			name = Debug;
		};
		0AD2ACC32DADFB52004D5089 /* Release */ = {
			isa = XCBuildConfiguration;
			buildSettings = {
				BUNDLE_LOADER = "$(TEST_HOST)";
				CODE_SIGN_STYLE = Automatic;
				CURRENT_PROJECT_VERSION = 1;
				DEVELOPMENT_TEAM = 59FP2PXRXK;
				GENERATE_INFOPLIST_FILE = YES;
				IPHONEOS_DEPLOYMENT_TARGET = 18.2;
				MARKETING_VERSION = 1.0;
				PRODUCT_BUNDLE_IDENTIFIER = kr.co.codegrove.AlbertosTests;
				PRODUCT_NAME = "$(TARGET_NAME)";
				SWIFT_EMIT_LOC_STRINGS = NO;
				SWIFT_VERSION = 5.0;
				TARGETED_DEVICE_FAMILY = "1,2";
				TEST_HOST = "$(BUILT_PRODUCTS_DIR)/Albertos.app/$(BUNDLE_EXECUTABLE_FOLDER_PATH)/Albertos";
			};
			name = Release;
		};
/* End XCBuildConfiguration section */

/* Begin XCConfigurationList section */
		0ACA82E32DB1F1AF00F79B3A /* Build configuration list for PBXNativeTarget "HippoAnalytics" */ = {
			isa = XCConfigurationList;
			buildConfigurations = (
				0ACA82E42DB1F1AF00F79B3A /* Debug */,
				0ACA82E52DB1F1AF00F79B3A /* Release */,
			);
			defaultConfigurationIsVisible = 0;
			defaultConfigurationName = Release;
		};
		0ACA82F82DB1F42500F79B3A /* Build configuration list for PBXNativeTarget "HippoPayments" */ = {
			isa = XCConfigurationList;
			buildConfigurations = (
				0ACA82F92DB1F42500F79B3A /* Debug */,
				0ACA82FA2DB1F42500F79B3A /* Release */,
			);
			defaultConfigurationIsVisible = 0;
			defaultConfigurationName = Release;
		};
		0AD2AC952DADFB50004D5089 /* Build configuration list for PBXProject "Albertos" */ = {
			isa = XCConfigurationList;
			buildConfigurations = (
				0AD2ACBC2DADFB52004D5089 /* Debug */,
				0AD2ACBD2DADFB52004D5089 /* Release */,
			);
			defaultConfigurationIsVisible = 0;
			defaultConfigurationName = Release;
		};
		0AD2ACBE2DADFB52004D5089 /* Build configuration list for PBXNativeTarget "Albertos" */ = {
			isa = XCConfigurationList;
			buildConfigurations = (
				0AD2ACBF2DADFB52004D5089 /* Debug */,
				0AD2ACC02DADFB52004D5089 /* Release */,
			);
			defaultConfigurationIsVisible = 0;
			defaultConfigurationName = Release;
		};
		0AD2ACC12DADFB52004D5089 /* Build configuration list for PBXNativeTarget "AlbertosTests" */ = {
			isa = XCConfigurationList;
			buildConfigurations = (
				0AD2ACC22DADFB52004D5089 /* Debug */,
				0AD2ACC32DADFB52004D5089 /* Release */,
			);
			defaultConfigurationIsVisible = 0;
			defaultConfigurationName = Release;
		};
/* End XCConfigurationList section */
	};
	rootObject = 0AD2AC922DADFB50004D5089 /* Project object */;
}
