// !$*UTF8*$!
{
	archiveVersion = 1;
	classes = {
	};
	objectVersion = 77;
	objects = {

/* Begin PBXContainerItemProxy section */
		0AD2AC372DACE4CE004D5089 /* PBXContainerItemProxy */ = {
			isa = PBXContainerItemProxy;
			containerPortal = 0AD2AC1E2DACE4CD004D5089 /* Project object */;
			proxyType = 1;
			remoteGlobalIDString = 0AD2AC252DACE4CD004D5089;
			remoteInfo = TestableDemo;
		};
		0AD2AC412DACE4CE004D5089 /* PBXContainerItemProxy */ = {
			isa = PBXContainerItemProxy;
			containerPortal = 0AD2AC1E2DACE4CD004D5089 /* Project object */;
			proxyType = 1;
			remoteGlobalIDString = 0AD2AC252DACE4CD004D5089;
			remoteInfo = TestableDemo;
		};
/* End PBXContainerItemProxy section */

/* Begin PBXFileReference section */
		0AD2AC262DACE4CD004D5089 /* TestableDemo.app */ = {isa = PBXFileReference; explicitFileType = wrapper.application; includeInIndex = 0; path = TestableDemo.app; sourceTree = BUILT_PRODUCTS_DIR; };
		0AD2AC362DACE4CE004D5089 /* TestableDemoTests.xctest */ = {isa = PBXFileReference; explicitFileType = wrapper.cfbundle; includeInIndex = 0; path = TestableDemoTests.xctest; sourceTree = BUILT_PRODUCTS_DIR; };
		0AD2AC402DACE4CE004D5089 /* TestableDemoUITests.xctest */ = {isa = PBXFileReference; explicitFileType = wrapper.cfbundle; includeInIndex = 0; path = TestableDemoUITests.xctest; sourceTree = BUILT_PRODUCTS_DIR; };
/* End PBXFileReference section */

/* Begin PBXFileSystemSynchronizedRootGroup section */
		0AD2AC282DACE4CD004D5089 /* TestableDemo */ = {
			isa = PBXFileSystemSynchronizedRootGroup;
			path = TestableDemo;
			sourceTree = "<group>";
		};
		0AD2AC392DACE4CE004D5089 /* TestableDemoTests */ = {
			isa = PBXFileSystemSynchronizedRootGroup;
			path = TestableDemoTests;
			sourceTree = "<group>";
		};
		0AD2AC432DACE4CE004D5089 /* TestableDemoUITests */ = {
			isa = PBXFileSystemSynchronizedRootGroup;
			path = TestableDemoUITests;
			sourceTree = "<group>";
		};
/* End PBXFileSystemSynchronizedRootGroup section */

/* Begin PBXFrameworksBuildPhase section */
		0AD2AC232DACE4CD004D5089 /* Frameworks */ = {
			isa = PBXFrameworksBuildPhase;
			buildActionMask = 2147483647;
			files = (
			);
			runOnlyForDeploymentPostprocessing = 0;
		};
		0AD2AC332DACE4CE004D5089 /* Frameworks */ = {
			isa = PBXFrameworksBuildPhase;
			buildActionMask = 2147483647;
			files = (
			);
			runOnlyForDeploymentPostprocessing = 0;
		};
		0AD2AC3D2DACE4CE004D5089 /* Frameworks */ = {
			isa = PBXFrameworksBuildPhase;
			buildActionMask = 2147483647;
			files = (
			);
			runOnlyForDeploymentPostprocessing = 0;
		};
/* End PBXFrameworksBuildPhase section */

/* Begin PBXGroup section */
		0AD2AC1D2DACE4CD004D5089 = {
			isa = PBXGroup;
			children = (
				0AD2AC282DACE4CD004D5089 /* TestableDemo */,
				0AD2AC392DACE4CE004D5089 /* TestableDemoTests */,
				0AD2AC432DACE4CE004D5089 /* TestableDemoUITests */,
				0AD2AC272DACE4CD004D5089 /* Products */,
			);
			sourceTree = "<group>";
		};
		0AD2AC272DACE4CD004D5089 /* Products */ = {
			isa = PBXGroup;
			children = (
				0AD2AC262DACE4CD004D5089 /* TestableDemo.app */,
				0AD2AC362DACE4CE004D5089 /* TestableDemoTests.xctest */,
				0AD2AC402DACE4CE004D5089 /* TestableDemoUITests.xctest */,
			);
			name = Products;
			sourceTree = "<group>";
		};
/* End PBXGroup section */

/* Begin PBXNativeTarget section */
		0AD2AC252DACE4CD004D5089 /* TestableDemo */ = {
			isa = PBXNativeTarget;
			buildConfigurationList = 0AD2AC4A2DACE4CE004D5089 /* Build configuration list for PBXNativeTarget "TestableDemo" */;
			buildPhases = (
				0AD2AC222DACE4CD004D5089 /* Sources */,
				0AD2AC232DACE4CD004D5089 /* Frameworks */,
				0AD2AC242DACE4CD004D5089 /* Resources */,
			);
			buildRules = (
			);
			dependencies = (
			);
			fileSystemSynchronizedGroups = (
				0AD2AC282DACE4CD004D5089 /* TestableDemo */,
			);
			name = TestableDemo;
			packageProductDependencies = (
			);
			productName = TestableDemo;
			productReference = 0AD2AC262DACE4CD004D5089 /* TestableDemo.app */;
			productType = "com.apple.product-type.application";
		};
		0AD2AC352DACE4CE004D5089 /* TestableDemoTests */ = {
			isa = PBXNativeTarget;
			buildConfigurationList = 0AD2AC4D2DACE4CE004D5089 /* Build configuration list for PBXNativeTarget "TestableDemoTests" */;
			buildPhases = (
				0AD2AC322DACE4CE004D5089 /* Sources */,
				0AD2AC332DACE4CE004D5089 /* Frameworks */,
				0AD2AC342DACE4CE004D5089 /* Resources */,
			);
			buildRules = (
			);
			dependencies = (
				0AD2AC382DACE4CE004D5089 /* PBXTargetDependency */,
			);
			fileSystemSynchronizedGroups = (
				0AD2AC392DACE4CE004D5089 /* TestableDemoTests */,
			);
			name = TestableDemoTests;
			packageProductDependencies = (
			);
			productName = TestableDemoTests;
			productReference = 0AD2AC362DACE4CE004D5089 /* TestableDemoTests.xctest */;
			productType = "com.apple.product-type.bundle.unit-test";
		};
		0AD2AC3F2DACE4CE004D5089 /* TestableDemoUITests */ = {
			isa = PBXNativeTarget;
			buildConfigurationList = 0AD2AC502DACE4CE004D5089 /* Build configuration list for PBXNativeTarget "TestableDemoUITests" */;
			buildPhases = (
				0AD2AC3C2DACE4CE004D5089 /* Sources */,
				0AD2AC3D2DACE4CE004D5089 /* Frameworks */,
				0AD2AC3E2DACE4CE004D5089 /* Resources */,
			);
			buildRules = (
			);
			dependencies = (
				0AD2AC422DACE4CE004D5089 /* PBXTargetDependency */,
			);
			fileSystemSynchronizedGroups = (
				0AD2AC432DACE4CE004D5089 /* TestableDemoUITests */,
			);
			name = TestableDemoUITests;
			packageProductDependencies = (
			);
			productName = TestableDemoUITests;
			productReference = 0AD2AC402DACE4CE004D5089 /* TestableDemoUITests.xctest */;
			productType = "com.apple.product-type.bundle.ui-testing";
		};
/* End PBXNativeTarget section */

/* Begin PBXProject section */
		0AD2AC1E2DACE4CD004D5089 /* Project object */ = {
			isa = PBXProject;
			attributes = {
				BuildIndependentTargetsInParallel = 1;
				LastSwiftUpdateCheck = 1620;
				LastUpgradeCheck = 1620;
				TargetAttributes = {
					0AD2AC252DACE4CD004D5089 = {
						CreatedOnToolsVersion = 16.2;
					};
					0AD2AC352DACE4CE004D5089 = {
						CreatedOnToolsVersion = 16.2;
						TestTargetID = 0AD2AC252DACE4CD004D5089;
					};
					0AD2AC3F2DACE4CE004D5089 = {
						CreatedOnToolsVersion = 16.2;
						TestTargetID = 0AD2AC252DACE4CD004D5089;
					};
				};
			};
			buildConfigurationList = 0AD2AC212DACE4CD004D5089 /* Build configuration list for PBXProject "TestableDemo" */;
			developmentRegion = en;
			hasScannedForEncodings = 0;
			knownRegions = (
				en,
				Base,
			);
			mainGroup = 0AD2AC1D2DACE4CD004D5089;
			minimizedProjectReferenceProxies = 1;
			preferredProjectObjectVersion = 77;
			productRefGroup = 0AD2AC272DACE4CD004D5089 /* Products */;
			projectDirPath = "";
			projectRoot = "";
			targets = (
				0AD2AC252DACE4CD004D5089 /* TestableDemo */,
				0AD2AC352DACE4CE004D5089 /* TestableDemoTests */,
				0AD2AC3F2DACE4CE004D5089 /* TestableDemoUITests */,
			);
		};
/* End PBXProject section */

/* Begin PBXResourcesBuildPhase section */
		0AD2AC242DACE4CD004D5089 /* Resources */ = {
			isa = PBXResourcesBuildPhase;
			buildActionMask = 2147483647;
			files = (
			);
			runOnlyForDeploymentPostprocessing = 0;
		};
		0AD2AC342DACE4CE004D5089 /* Resources */ = {
			isa = PBXResourcesBuildPhase;
			buildActionMask = 2147483647;
			files = (
			);
			runOnlyForDeploymentPostprocessing = 0;
		};
		0AD2AC3E2DACE4CE004D5089 /* Resources */ = {
			isa = PBXResourcesBuildPhase;
			buildActionMask = 2147483647;
			files = (
			);
			runOnlyForDeploymentPostprocessing = 0;
		};
/* End PBXResourcesBuildPhase section */

/* Begin PBXSourcesBuildPhase section */
		0AD2AC222DACE4CD004D5089 /* Sources */ = {
			isa = PBXSourcesBuildPhase;
			buildActionMask = 2147483647;
			files = (
			);
			runOnlyForDeploymentPostprocessing = 0;
		};
		0AD2AC322DACE4CE004D5089 /* Sources */ = {
			isa = PBXSourcesBuildPhase;
			buildActionMask = 2147483647;
			files = (
			);
			runOnlyForDeploymentPostprocessing = 0;
		};
		0AD2AC3C2DACE4CE004D5089 /* Sources */ = {
			isa = PBXSourcesBuildPhase;
			buildActionMask = 2147483647;
			files = (
			);
			runOnlyForDeploymentPostprocessing = 0;
		};
/* End PBXSourcesBuildPhase section */

/* Begin PBXTargetDependency section */
		0AD2AC382DACE4CE004D5089 /* PBXTargetDependency */ = {
			isa = PBXTargetDependency;
			target = 0AD2AC252DACE4CD004D5089 /* TestableDemo */;
			targetProxy = 0AD2AC372DACE4CE004D5089 /* PBXContainerItemProxy */;
		};
		0AD2AC422DACE4CE004D5089 /* PBXTargetDependency */ = {
			isa = PBXTargetDependency;
			target = 0AD2AC252DACE4CD004D5089 /* TestableDemo */;
			targetProxy = 0AD2AC412DACE4CE004D5089 /* PBXContainerItemProxy */;
		};
/* End PBXTargetDependency section */

/* Begin XCBuildConfiguration section */
		0AD2AC482DACE4CE004D5089 /* Debug */ = {
			isa = XCBuildConfiguration;
			buildSettings = {
				ALWAYS_SEARCH_USER_PATHS = NO;
				ASSETCATALOG_COMPILER_GENERATE_SWIFT_ASSET_SYMBOL_EXTENSIONS = YES;
				CLANG_ANALYZER_NONNULL = YES;
				CLANG_ANALYZER_NUMBER_OBJECT_CONVERSION = YES_AGGRESSIVE;
				CLANG_CXX_LANGUAGE_STANDARD = "gnu++20";
				CLANG_ENABLE_MODULES = YES;
				CLANG_ENABLE_OBJC_ARC = YES;
				CLANG_ENABLE_OBJC_WEAK = YES;
				CLANG_WARN_BLOCK_CAPTURE_AUTORELEASING = YES;
				CLANG_WARN_BOOL_CONVERSION = YES;
				CLANG_WARN_COMMA = YES;
				CLANG_WARN_CONSTANT_CONVERSION = YES;
				CLANG_WARN_DEPRECATED_OBJC_IMPLEMENTATIONS = YES;
				CLANG_WARN_DIRECT_OBJC_ISA_USAGE = YES_ERROR;
				CLANG_WARN_DOCUMENTATION_COMMENTS = YES;
				CLANG_WARN_EMPTY_BODY = YES;
				CLANG_WARN_ENUM_CONVERSION = YES;
				CLANG_WARN_INFINITE_RECURSION = YES;
				CLANG_WARN_INT_CONVERSION = YES;
				CLANG_WARN_NON_LITERAL_NULL_CONVERSION = YES;
				CLANG_WARN_OBJC_IMPLICIT_RETAIN_SELF = YES;
				CLANG_WARN_OBJC_LITERAL_CONVERSION = YES;
				CLANG_WARN_OBJC_ROOT_CLASS = YES_ERROR;
				CLANG_WARN_QUOTED_INCLUDE_IN_FRAMEWORK_HEADER = YES;
				CLANG_WARN_RANGE_LOOP_ANALYSIS = YES;
				CLANG_WARN_STRICT_PROTOTYPES = YES;
				CLANG_WARN_SUSPICIOUS_MOVE = YES;
				CLANG_WARN_UNGUARDED_AVAILABILITY = YES_AGGRESSIVE;
				CLANG_WARN_UNREACHABLE_CODE = YES;
				CLANG_WARN__DUPLICATE_METHOD_MATCH = YES;
				COPY_PHASE_STRIP = NO;
				DEBUG_INFORMATION_FORMAT = dwarf;
				ENABLE_STRICT_OBJC_MSGSEND = YES;
				ENABLE_TESTABILITY = YES;
				ENABLE_USER_SCRIPT_SANDBOXING = YES;
				GCC_C_LANGUAGE_STANDARD = gnu17;
				GCC_DYNAMIC_NO_PIC = NO;
				GCC_NO_COMMON_BLOCKS = YES;
				GCC_OPTIMIZATION_LEVEL = 0;
				GCC_PREPROCESSOR_DEFINITIONS = (
					"DEBUG=1",
					"$(inherited)",
				);
				GCC_WARN_64_TO_32_BIT_CONVERSION = YES;
				GCC_WARN_ABOUT_RETURN_TYPE = YES_ERROR;
				GCC_WARN_UNDECLARED_SELECTOR = YES;
				GCC_WARN_UNINITIALIZED_AUTOS = YES_AGGRESSIVE;
				GCC_WARN_UNUSED_FUNCTION = YES;
				GCC_WARN_UNUSED_VARIABLE = YES;
				IPHONEOS_DEPLOYMENT_TARGET = 18.2;
				LOCALIZATION_PREFERS_STRING_CATALOGS = YES;
				MTL_ENABLE_DEBUG_INFO = INCLUDE_SOURCE;
				MTL_FAST_MATH = YES;
				ONLY_ACTIVE_ARCH = YES;
				SDKROOT = iphoneos;
				SWIFT_ACTIVE_COMPILATION_CONDITIONS = "DEBUG $(inherited)";
				SWIFT_OPTIMIZATION_LEVEL = "-Onone";
			};
			name = Debug;
		};
		0AD2AC492DACE4CE004D5089 /* Release */ = {
			isa = XCBuildConfiguration;
			buildSettings = {
				ALWAYS_SEARCH_USER_PATHS = NO;
				ASSETCATALOG_COMPILER_GENERATE_SWIFT_ASSET_SYMBOL_EXTENSIONS = YES;
				CLANG_ANALYZER_NONNULL = YES;
				CLANG_ANALYZER_NUMBER_OBJECT_CONVERSION = YES_AGGRESSIVE;
				CLANG_CXX_LANGUAGE_STANDARD = "gnu++20";
				CLANG_ENABLE_MODULES = YES;
				CLANG_ENABLE_OBJC_ARC = YES;
				CLANG_ENABLE_OBJC_WEAK = YES;
				CLANG_WARN_BLOCK_CAPTURE_AUTORELEASING = YES;
				CLANG_WARN_BOOL_CONVERSION = YES;
				CLANG_WARN_COMMA = YES;
				CLANG_WARN_CONSTANT_CONVERSION = YES;
				CLANG_WARN_DEPRECATED_OBJC_IMPLEMENTATIONS = YES;
				CLANG_WARN_DIRECT_OBJC_ISA_USAGE = YES_ERROR;
				CLANG_WARN_DOCUMENTATION_COMMENTS = YES;
				CLANG_WARN_EMPTY_BODY = YES;
				CLANG_WARN_ENUM_CONVERSION = YES;
				CLANG_WARN_INFINITE_RECURSION = YES;
				CLANG_WARN_INT_CONVERSION = YES;
				CLANG_WARN_NON_LITERAL_NULL_CONVERSION = YES;
				CLANG_WARN_OBJC_IMPLICIT_RETAIN_SELF = YES;
				CLANG_WARN_OBJC_LITERAL_CONVERSION = YES;
				CLANG_WARN_OBJC_ROOT_CLASS = YES_ERROR;
				CLANG_WARN_QUOTED_INCLUDE_IN_FRAMEWORK_HEADER = YES;
				CLANG_WARN_RANGE_LOOP_ANALYSIS = YES;
				CLANG_WARN_STRICT_PROTOTYPES = YES;
				CLANG_WARN_SUSPICIOUS_MOVE = YES;
				CLANG_WARN_UNGUARDED_AVAILABILITY = YES_AGGRESSIVE;
				CLANG_WARN_UNREACHABLE_CODE = YES;
				CLANG_WARN__DUPLICATE_METHOD_MATCH = YES;
				COPY_PHASE_STRIP = NO;
				DEBUG_INFORMATION_FORMAT = "dwarf-with-dsym";
				ENABLE_NS_ASSERTIONS = NO;
				ENABLE_STRICT_OBJC_MSGSEND = YES;
				ENABLE_USER_SCRIPT_SANDBOXING = YES;
				GCC_C_LANGUAGE_STANDARD = gnu17;
				GCC_NO_COMMON_BLOCKS = YES;
				GCC_WARN_64_TO_32_BIT_CONVERSION = YES;
				GCC_WARN_ABOUT_RETURN_TYPE = YES_ERROR;
				GCC_WARN_UNDECLARED_SELECTOR = YES;
				GCC_WARN_UNINITIALIZED_AUTOS = YES_AGGRESSIVE;
				GCC_WARN_UNUSED_FUNCTION = YES;
				GCC_WARN_UNUSED_VARIABLE = YES;
				IPHONEOS_DEPLOYMENT_TARGET = 18.2;
				LOCALIZATION_PREFERS_STRING_CATALOGS = YES;
				MTL_ENABLE_DEBUG_INFO = NO;
				MTL_FAST_MATH = YES;
				SDKROOT = iphoneos;
				SWIFT_COMPILATION_MODE = wholemodule;
				VALIDATE_PRODUCT = YES;
			};
			name = Release;
		};
		0AD2AC4B2DACE4CE004D5089 /* Debug */ = {
			isa = XCBuildConfiguration;
			buildSettings = {
				ASSETCATALOG_COMPILER_APPICON_NAME = AppIcon;
				ASSETCATALOG_COMPILER_GLOBAL_ACCENT_COLOR_NAME = AccentColor;
				CODE_SIGN_STYLE = Automatic;
				CURRENT_PROJECT_VERSION = 1;
				DEVELOPMENT_ASSET_PATHS = "";
				DEVELOPMENT_TEAM = 59FP2PXRXK;
				ENABLE_PREVIEWS = YES;
				GENERATE_INFOPLIST_FILE = YES;
				INFOPLIST_KEY_UIApplicationSceneManifest_Generation = YES;
				INFOPLIST_KEY_UIApplicationSupportsIndirectInputEvents = YES;
				INFOPLIST_KEY_UILaunchScreen_Generation = YES;
				INFOPLIST_KEY_UISupportedInterfaceOrientations_iPad = "UIInterfaceOrientationPortrait UIInterfaceOrientationPortraitUpsideDown UIInterfaceOrientationLandscapeLeft UIInterfaceOrientationLandscapeRight";
				INFOPLIST_KEY_UISupportedInterfaceOrientations_iPhone = "UIInterfaceOrientationPortrait UIInterfaceOrientationLandscapeLeft UIInterfaceOrientationLandscapeRight";
				LD_RUNPATH_SEARCH_PATHS = (
					"$(inherited)",
					"@executable_path/Frameworks",
				);
				MARKETING_VERSION = 1.0;
				PRODUCT_BUNDLE_IDENTIFIER = kr.co.codegrove.TestableDemo;
				PRODUCT_NAME = "$(TARGET_NAME)";
				SWIFT_EMIT_LOC_STRINGS = YES;
				SWIFT_VERSION = 5.0;
				TARGETED_DEVICE_FAMILY = "1,2";
			};
			name = Debug;
		};
		0AD2AC4C2DACE4CE004D5089 /* Release */ = {
			isa = XCBuildConfiguration;
			buildSettings = {
				ASSETCATALOG_COMPILER_APPICON_NAME = AppIcon;
				ASSETCATALOG_COMPILER_GLOBAL_ACCENT_COLOR_NAME = AccentColor;
				CODE_SIGN_STYLE = Automatic;
				CURRENT_PROJECT_VERSION = 1;
				DEVELOPMENT_ASSET_PATHS = "";
				DEVELOPMENT_TEAM = 59FP2PXRXK;
				ENABLE_PREVIEWS = YES;
				GENERATE_INFOPLIST_FILE = YES;
				INFOPLIST_KEY_UIApplicationSceneManifest_Generation = YES;
				INFOPLIST_KEY_UIApplicationSupportsIndirectInputEvents = YES;
				INFOPLIST_KEY_UILaunchScreen_Generation = YES;
				INFOPLIST_KEY_UISupportedInterfaceOrientations_iPad = "UIInterfaceOrientationPortrait UIInterfaceOrientationPortraitUpsideDown UIInterfaceOrientationLandscapeLeft UIInterfaceOrientationLandscapeRight";
				INFOPLIST_KEY_UISupportedInterfaceOrientations_iPhone = "UIInterfaceOrientationPortrait UIInterfaceOrientationLandscapeLeft UIInterfaceOrientationLandscapeRight";
				LD_RUNPATH_SEARCH_PATHS = (
					"$(inherited)",
					"@executable_path/Frameworks",
				);
				MARKETING_VERSION = 1.0;
				PRODUCT_BUNDLE_IDENTIFIER = kr.co.codegrove.TestableDemo;
				PRODUCT_NAME = "$(TARGET_NAME)";
				SWIFT_EMIT_LOC_STRINGS = YES;
				SWIFT_VERSION = 5.0;
				TARGETED_DEVICE_FAMILY = "1,2";
			};
			name = Release;
		};
		0AD2AC4E2DACE4CE004D5089 /* Debug */ = {
			isa = XCBuildConfiguration;
			buildSettings = {
				BUNDLE_LOADER = "$(TEST_HOST)";
				CODE_SIGN_STYLE = Automatic;
				CURRENT_PROJECT_VERSION = 1;
				DEVELOPMENT_TEAM = 59FP2PXRXK;
				GENERATE_INFOPLIST_FILE = YES;
				IPHONEOS_DEPLOYMENT_TARGET = 18.2;
				MARKETING_VERSION = 1.0;
				PRODUCT_BUNDLE_IDENTIFIER = kr.co.codegrove.TestableDemoTests;
				PRODUCT_NAME = "$(TARGET_NAME)";
				SWIFT_EMIT_LOC_STRINGS = NO;
				SWIFT_VERSION = 5.0;
				TARGETED_DEVICE_FAMILY = "1,2";
				TEST_HOST = "$(BUILT_PRODUCTS_DIR)/TestableDemo.app/$(BUNDLE_EXECUTABLE_FOLDER_PATH)/TestableDemo";
			};
			name = Debug;
		};
		0AD2AC4F2DACE4CE004D5089 /* Release */ = {
			isa = XCBuildConfiguration;
			buildSettings = {
				BUNDLE_LOADER = "$(TEST_HOST)";
				CODE_SIGN_STYLE = Automatic;
				CURRENT_PROJECT_VERSION = 1;
				DEVELOPMENT_TEAM = 59FP2PXRXK;
				GENERATE_INFOPLIST_FILE = YES;
				IPHONEOS_DEPLOYMENT_TARGET = 18.2;
				MARKETING_VERSION = 1.0;
				PRODUCT_BUNDLE_IDENTIFIER = kr.co.codegrove.TestableDemoTests;
				PRODUCT_NAME = "$(TARGET_NAME)";
				SWIFT_EMIT_LOC_STRINGS = NO;
				SWIFT_VERSION = 5.0;
				TARGETED_DEVICE_FAMILY = "1,2";
				TEST_HOST = "$(BUILT_PRODUCTS_DIR)/TestableDemo.app/$(BUNDLE_EXECUTABLE_FOLDER_PATH)/TestableDemo";
			};
			name = Release;
		};
		0AD2AC512DACE4CE004D5089 /* Debug */ = {
			isa = XCBuildConfiguration;
			buildSettings = {
				CODE_SIGN_STYLE = Automatic;
				CURRENT_PROJECT_VERSION = 1;
				DEVELOPMENT_TEAM = 59FP2PXRXK;
				GENERATE_INFOPLIST_FILE = YES;
				MARKETING_VERSION = 1.0;
				PRODUCT_BUNDLE_IDENTIFIER = kr.co.codegrove.TestableDemoUITests;
				PRODUCT_NAME = "$(TARGET_NAME)";
				SWIFT_EMIT_LOC_STRINGS = NO;
				SWIFT_VERSION = 5.0;
				TARGETED_DEVICE_FAMILY = "1,2";
				TEST_TARGET_NAME = TestableDemo;
			};
			name = Debug;
		};
		0AD2AC522DACE4CE004D5089 /* Release */ = {
			isa = XCBuildConfiguration;
			buildSettings = {
				CODE_SIGN_STYLE = Automatic;
				CURRENT_PROJECT_VERSION = 1;
				DEVELOPMENT_TEAM = 59FP2PXRXK;
				GENERATE_INFOPLIST_FILE = YES;
				MARKETING_VERSION = 1.0;
				PRODUCT_BUNDLE_IDENTIFIER = kr.co.codegrove.TestableDemoUITests;
				PRODUCT_NAME = "$(TARGET_NAME)";
				SWIFT_EMIT_LOC_STRINGS = NO;
				SWIFT_VERSION = 5.0;
				TARGETED_DEVICE_FAMILY = "1,2";
				TEST_TARGET_NAME = TestableDemo;
			};
			name = Release;
		};
/* End XCBuildConfiguration section */

/* Begin XCConfigurationList section */
		0AD2AC212DACE4CD004D5089 /* Build configuration list for PBXProject "TestableDemo" */ = {
			isa = XCConfigurationList;
			buildConfigurations = (
				0AD2AC482DACE4CE004D5089 /* Debug */,
				0AD2AC492DACE4CE004D5089 /* Release */,
			);
			defaultConfigurationIsVisible = 0;
			defaultConfigurationName = Release;
		};
		0AD2AC4A2DACE4CE004D5089 /* Build configuration list for PBXNativeTarget "TestableDemo" */ = {
			isa = XCConfigurationList;
			buildConfigurations = (
				0AD2AC4B2DACE4CE004D5089 /* Debug */,
				0AD2AC4C2DACE4CE004D5089 /* Release */,
			);
			defaultConfigurationIsVisible = 0;
			defaultConfigurationName = Release;
		};
		0AD2AC4D2DACE4CE004D5089 /* Build configuration list for PBXNativeTarget "TestableDemoTests" */ = {
			isa = XCConfigurationList;
			buildConfigurations = (
				0AD2AC4E2DACE4CE004D5089 /* Debug */,
				0AD2AC4F2DACE4CE004D5089 /* Release */,
			);
			defaultConfigurationIsVisible = 0;
			defaultConfigurationName = Release;
		};
		0AD2AC502DACE4CE004D5089 /* Build configuration list for PBXNativeTarget "TestableDemoUITests" */ = {
			isa = XCConfigurationList;
			buildConfigurations = (
				0AD2AC512DACE4CE004D5089 /* Debug */,
				0AD2AC522DACE4CE004D5089 /* Release */,
			);
			defaultConfigurationIsVisible = 0;
			defaultConfigurationName = Release;
		};
/* End XCConfigurationList section */
	};
	rootObject = 0AD2AC1E2DACE4CD004D5089 /* Project object */;
}
